
Microsoft Visual Studio Solution File, Format Version 12.00
# Visual Studio Version 17
VisualStudioVersion = 17.9.34622.214
MinimumVisualStudioVersion = 10.0.40219.1
Project("{9A19103F-16F7-4668-BE54-9A1E7A4F7556}") = "BespokeWeb", "BespokeWeb\BespokeWeb.csproj", "{20200168-B5F6-4C47-848D-BDACBAB719F9}"
EndProject
Project("{FAE04EC0-301F-11D3-BF4B-00C04F79EFBC}") = "Bespoke.DataAccess", "Bespoke.DataAccess\Bespoke.DataAccess.csproj", "{2A892852-B0A4-4479-801A-19E065C97CC7}"
EndProject
Project("{FAE04EC0-301F-11D3-BF4B-00C04F79EFBC}") = "Bespoke.Utility", "Bespoke.Utility\Bespoke.Utility.csproj", "{08B2C477-B449-4F2D-AC4D-01F35A3652A0}"
EndProject
Project("{FAE04EC0-301F-11D3-BF4B-00C04F79EFBC}") = "Bespoke.Models", "Bespoke.Models\Bespoke.Models.csproj", "{821446F0-D600-4195-A7A8-DD592F66790E}"
EndProject
Global
	GlobalSection(SolutionConfigurationPlatforms) = preSolution
		Debug|Any CPU = Debug|Any CPU
		Release|Any CPU = Release|Any CPU
	EndGlobalSection
	GlobalSection(ProjectConfigurationPlatforms) = postSolution
		{20200168-B5F6-4C47-848D-BDACBAB719F9}.Debug|Any CPU.ActiveCfg = Debug|Any CPU
		{20200168-B5F6-4C47-848D-BDACBAB719F9}.Debug|Any CPU.Build.0 = Debug|Any CPU
		{20200168-B5F6-4C47-848D-BDACBAB719F9}.Release|Any CPU.ActiveCfg = Release|Any CPU
		{20200168-B5F6-4C47-848D-BDACBAB719F9}.Release|Any CPU.Build.0 = Release|Any CPU
		{2A892852-B0A4-4479-801A-19E065C97CC7}.Debug|Any CPU.ActiveCfg = Debug|Any CPU
		{2A892852-B0A4-4479-801A-19E065C97CC7}.Debug|Any CPU.Build.0 = Debug|Any CPU
		{2A892852-B0A4-4479-801A-19E065C97CC7}.Release|Any CPU.ActiveCfg = Release|Any CPU
		{2A892852-B0A4-4479-801A-19E065C97CC7}.Release|Any CPU.Build.0 = Release|Any CPU
		{08B2C477-B449-4F2D-AC4D-01F35A3652A0}.Debug|Any CPU.ActiveCfg = Debug|Any CPU
		{08B2C477-B449-4F2D-AC4D-01F35A3652A0}.Debug|Any CPU.Build.0 = Debug|Any CPU
		{08B2C477-B449-4F2D-AC4D-01F35A3652A0}.Release|Any CPU.ActiveCfg = Release|Any CPU
		{08B2C477-B449-4F2D-AC4D-01F35A3652A0}.Release|Any CPU.Build.0 = Release|Any CPU
		{821446F0-D600-4195-A7A8-DD592F66790E}.Debug|Any CPU.ActiveCfg = Debug|Any CPU
		{821446F0-D600-4195-A7A8-DD592F66790E}.Debug|Any CPU.Build.0 = Debug|Any CPU
		{821446F0-D600-4195-A7A8-DD592F66790E}.Release|Any CPU.ActiveCfg = Release|Any CPU
		{821446F0-D600-4195-A7A8-DD592F66790E}.Release|Any CPU.Build.0 = Release|Any CPU
	EndGlobalSection
	GlobalSection(SolutionProperties) = preSolution
		HideSolutionNode = FALSE
	EndGlobalSection
	GlobalSection(ExtensibilityGlobals) = postSolution
		SolutionGuid = {B98B4D02-A000-4593-8D00-6A77FFCA1389}
	EndGlobalSection
EndGlobal
